// !$*UTF8*$!
{
	archiveVersion = 1;
	classes = {
	};
	objectVersion = 50;
	objects = {

/* Begin PBXBuildFile section */
		F53ADC0F25DC3A16008050CC /* ForseDemoApp.swift in Sources */ = {isa = PBXBuildFile; fileRef = F53ADC0E25DC3A16008050CC /* ForseDemoApp.swift */; };
		F53ADC1325DC3A18008050CC /* Assets.xcassets in Resources */ = {isa = PBXBuildFile; fileRef = F53ADC1225DC3A18008050CC /* Assets.xcassets */; };
		F53ADC1625DC3A18008050CC /* Preview Assets.xcassets in Resources */ = {isa = PBXBuildFile; fileRef = F53ADC1525DC3A18008050CC /* Preview Assets.xcassets */; };
		F53ADC4C25DC3BBE008050CC /* AppDelegate.swift in Sources */ = {isa = PBXBuildFile; fileRef = F53ADC4B25DC3BBE008050CC /* AppDelegate.swift */; };
		F53ADC4E25DC3BBE008050CC /* SceneDelegate.swift in Sources */ = {isa = PBXBuildFile; fileRef = F53ADC4D25DC3BBE008050CC /* SceneDelegate.swift */; };
		F53ADC5025DC3BBE008050CC /* ViewController.swift in Sources */ = {isa = PBXBuildFile; fileRef = F53ADC4F25DC3BBE008050CC /* ViewController.swift */; };
		F53ADC5325DC3BBE008050CC /* Main.storyboard in Resources */ = {isa = PBXBuildFile; fileRef = F53ADC5125DC3BBE008050CC /* Main.storyboard */; };
		F53ADC5525DC3BBF008050CC /* Assets.xcassets in Resources */ = {isa = PBXBuildFile; fileRef = F53ADC5425DC3BBF008050CC /* Assets.xcassets */; };
		F53ADC5825DC3BBF008050CC /* LaunchScreen.storyboard in Resources */ = {isa = PBXBuildFile; fileRef = F53ADC5625DC3BBF008050CC /* LaunchScreen.storyboard */; };
		F53ADC6225DC3BD7008050CC /* HorseView.swift in Sources */ = {isa = PBXBuildFile; fileRef = F53ADC6125DC3BD7008050CC /* HorseView.swift */; };
		F53ADC6825DC40C5008050CC /* HorseStoryboardView.swift in Sources */ = {isa = PBXBuildFile; fileRef = F53ADC6725DC40C5008050CC /* HorseStoryboardView.swift */; };
		F5B1B34825DC67260071C963 /* FarmRepository.swift in Sources */ = {isa = PBXBuildFile; fileRef = F5B1B34725DC67260071C963 /* FarmRepository.swift */; };
		F5B1B34C25DC674D0071C963 /* FarmAnimal.swift in Sources */ = {isa = PBXBuildFile; fileRef = F5B1B34B25DC674D0071C963 /* FarmAnimal.swift */; };
		F5B1B34F25DC67700071C963 /* AnimalType.swift in Sources */ = {isa = PBXBuildFile; fileRef = F5B1B34E25DC67700071C963 /* AnimalType.swift */; };
		F5E66DDA25DC51C30058449B /* HorseView.swift in Sources */ = {isa = PBXBuildFile; fileRef = F53ADC2125DC3AB3008050CC /* HorseView.swift */; };
		F5E66DF125DC532E0058449B /* BindingView.swift in Sources */ = {isa = PBXBuildFile; fileRef = F5E66DF025DC532E0058449B /* BindingView.swift */; };
		F5E66DF425DC537A0058449B /* SuperBasicView.swift in Sources */ = {isa = PBXBuildFile; fileRef = F5E66DF325DC537A0058449B /* SuperBasicView.swift */; };
		F5FE8EE525DC5DB200656466 /* SimpleObjectBindingView.swift in Sources */ = {isa = PBXBuildFile; fileRef = F5FE8EE425DC5DB200656466 /* SimpleObjectBindingView.swift */; };
		F5FE8EEB25DC666A00656466 /* FarmView.swift in Sources */ = {isa = PBXBuildFile; fileRef = F5FE8EEA25DC666A00656466 /* FarmView.swift */; };
/* End PBXBuildFile section */

/* Begin PBXCopyFilesBuildPhase section */
		F5E66D8825DC509B0058449B /* Embed Frameworks */ = {
			isa = PBXCopyFilesBuildPhase;
			buildActionMask = 2147483647;
			dstPath = "";
			dstSubfolderSpec = 10;
			files = (
			);
			name = "Embed Frameworks";
			runOnlyForDeploymentPostprocessing = 0;
		};
		F5E66DC325DC50EB0058449B /* Embed Watch Content */ = {
			isa = PBXCopyFilesBuildPhase;
			buildActionMask = 2147483647;
			dstPath = "$(CONTENTS_FOLDER_PATH)/Watch";
			dstSubfolderSpec = 16;
			files = (
			);
			name = "Embed Watch Content";
			runOnlyForDeploymentPostprocessing = 0;
		};
/* End PBXCopyFilesBuildPhase section */

/* Begin PBXFileReference section */
		F53ADC0B25DC3A16008050CC /* ForseDemo.app */ = {isa = PBXFileReference; explicitFileType = wrapper.application; includeInIndex = 0; path = ForseDemo.app; sourceTree = BUILT_PRODUCTS_DIR; };
		F53ADC0E25DC3A16008050CC /* ForseDemoApp.swift */ = {isa = PBXFileReference; lastKnownFileType = sourcecode.swift; path = ForseDemoApp.swift; sourceTree = "<group>"; };
		F53ADC1225DC3A18008050CC /* Assets.xcassets */ = {isa = PBXFileReference; lastKnownFileType = folder.assetcatalog; path = Assets.xcassets; sourceTree = "<group>"; };
		F53ADC1525DC3A18008050CC /* Preview Assets.xcassets */ = {isa = PBXFileReference; lastKnownFileType = folder.assetcatalog; path = "Preview Assets.xcassets"; sourceTree = "<group>"; };
		F53ADC1725DC3A18008050CC /* Info.plist */ = {isa = PBXFileReference; lastKnownFileType = text.plist.xml; path = Info.plist; sourceTree = "<group>"; };
		F53ADC2125DC3AB3008050CC /* HorseView.swift */ = {isa = PBXFileReference; lastKnownFileType = sourcecode.swift; path = HorseView.swift; sourceTree = "<group>"; };
		F53ADC4925DC3BBE008050CC /* UIKitDemo.app */ = {isa = PBXFileReference; explicitFileType = wrapper.application; includeInIndex = 0; path = UIKitDemo.app; sourceTree = BUILT_PRODUCTS_DIR; };
		F53ADC4B25DC3BBE008050CC /* AppDelegate.swift */ = {isa = PBXFileReference; lastKnownFileType = sourcecode.swift; path = AppDelegate.swift; sourceTree = "<group>"; };
		F53ADC4D25DC3BBE008050CC /* SceneDelegate.swift */ = {isa = PBXFileReference; lastKnownFileType = sourcecode.swift; path = SceneDelegate.swift; sourceTree = "<group>"; };
		F53ADC4F25DC3BBE008050CC /* ViewController.swift */ = {isa = PBXFileReference; lastKnownFileType = sourcecode.swift; path = ViewController.swift; sourceTree = "<group>"; };
		F53ADC5225DC3BBE008050CC /* Base */ = {isa = PBXFileReference; lastKnownFileType = file.storyboard; name = Base; path = Base.lproj/Main.storyboard; sourceTree = "<group>"; };
		F53ADC5425DC3BBF008050CC /* Assets.xcassets */ = {isa = PBXFileReference; lastKnownFileType = folder.assetcatalog; path = Assets.xcassets; sourceTree = "<group>"; };
		F53ADC5725DC3BBF008050CC /* Base */ = {isa = PBXFileReference; lastKnownFileType = file.storyboard; name = Base; path = Base.lproj/LaunchScreen.storyboard; sourceTree = "<group>"; };
		F53ADC5925DC3BBF008050CC /* Info.plist */ = {isa = PBXFileReference; lastKnownFileType = text.plist.xml; path = Info.plist; sourceTree = "<group>"; };
		F53ADC6125DC3BD7008050CC /* HorseView.swift */ = {isa = PBXFileReference; lastKnownFileType = sourcecode.swift; path = HorseView.swift; sourceTree = "<group>"; };
		F53ADC6725DC40C5008050CC /* HorseStoryboardView.swift */ = {isa = PBXFileReference; lastKnownFileType = sourcecode.swift; path = HorseStoryboardView.swift; sourceTree = "<group>"; };
		F5B1B34725DC67260071C963 /* FarmRepository.swift */ = {isa = PBXFileReference; lastKnownFileType = sourcecode.swift; path = FarmRepository.swift; sourceTree = "<group>"; };
		F5B1B34B25DC674D0071C963 /* FarmAnimal.swift */ = {isa = PBXFileReference; lastKnownFileType = sourcecode.swift; path = FarmAnimal.swift; sourceTree = "<group>"; };
		F5B1B34E25DC67700071C963 /* AnimalType.swift */ = {isa = PBXFileReference; lastKnownFileType = sourcecode.swift; path = AnimalType.swift; sourceTree = "<group>"; };
		F5E66DF025DC532E0058449B /* BindingView.swift */ = {isa = PBXFileReference; lastKnownFileType = sourcecode.swift; path = BindingView.swift; sourceTree = "<group>"; };
		F5E66DF325DC537A0058449B /* SuperBasicView.swift */ = {isa = PBXFileReference; lastKnownFileType = sourcecode.swift; path = SuperBasicView.swift; sourceTree = "<group>"; };
		F5FE8EE425DC5DB200656466 /* SimpleObjectBindingView.swift */ = {isa = PBXFileReference; lastKnownFileType = sourcecode.swift; path = SimpleObjectBindingView.swift; sourceTree = "<group>"; };
		F5FE8EEA25DC666A00656466 /* FarmView.swift */ = {isa = PBXFileReference; lastKnownFileType = sourcecode.swift; path = FarmView.swift; sourceTree = "<group>"; };
/* End PBXFileReference section */

/* Begin PBXFrameworksBuildPhase section */
		F53ADC0825DC3A16008050CC /* Frameworks */ = {
			isa = PBXFrameworksBuildPhase;
			buildActionMask = 2147483647;
			files = (
			);
			runOnlyForDeploymentPostprocessing = 0;
		};
		F53ADC4625DC3BBE008050CC /* Frameworks */ = {
			isa = PBXFrameworksBuildPhase;
			buildActionMask = 2147483647;
			files = (
			);
			runOnlyForDeploymentPostprocessing = 0;
		};
/* End PBXFrameworksBuildPhase section */

/* Begin PBXGroup section */
		F53ADC0225DC3A16008050CC = {
			isa = PBXGroup;
			children = (
				F53ADC0D25DC3A16008050CC /* ForseDemo */,
				F53ADC4A25DC3BBE008050CC /* UIKitDemo */,
				F53ADC0C25DC3A16008050CC /* Products */,
				F5E66DC825DC510D0058449B /* Frameworks */,
			);
			sourceTree = "<group>";
		};
		F53ADC0C25DC3A16008050CC /* Products */ = {
			isa = PBXGroup;
			children = (
				F53ADC0B25DC3A16008050CC /* ForseDemo.app */,
				F53ADC4925DC3BBE008050CC /* UIKitDemo.app */,
			);
			name = Products;
			sourceTree = "<group>";
		};
		F53ADC0D25DC3A16008050CC /* ForseDemo */ = {
			isa = PBXGroup;
			children = (
				F53ADC1F25DC3A48008050CC /* Source */,
				F53ADC1225DC3A18008050CC /* Assets.xcassets */,
				F53ADC1725DC3A18008050CC /* Info.plist */,
				F53ADC1425DC3A18008050CC /* Preview Content */,
			);
			path = ForseDemo;
			sourceTree = "<group>";
		};
		F53ADC1425DC3A18008050CC /* Preview Content */ = {
			isa = PBXGroup;
			children = (
				F53ADC1525DC3A18008050CC /* Preview Assets.xcassets */,
			);
			path = "Preview Content";
			sourceTree = "<group>";
		};
		F53ADC1F25DC3A48008050CC /* Source */ = {
			isa = PBXGroup;
			children = (
				F5E66DE825DC52370058449B /* Views */,
				F53ADC0E25DC3A16008050CC /* ForseDemoApp.swift */,
			);
			path = Source;
			sourceTree = "<group>";
		};
		F53ADC4A25DC3BBE008050CC /* UIKitDemo */ = {
			isa = PBXGroup;
			children = (
				F53ADC5F25DC3BC8008050CC /* Source */,
				F53ADC5125DC3BBE008050CC /* Main.storyboard */,
				F53ADC5425DC3BBF008050CC /* Assets.xcassets */,
				F53ADC5625DC3BBF008050CC /* LaunchScreen.storyboard */,
				F53ADC5925DC3BBF008050CC /* Info.plist */,
			);
			path = UIKitDemo;
			sourceTree = "<group>";
		};
		F53ADC5F25DC3BC8008050CC /* Source */ = {
			isa = PBXGroup;
			children = (
				F53ADC6025DC3BD0008050CC /* Views */,
				F53ADC4B25DC3BBE008050CC /* AppDelegate.swift */,
				F53ADC4D25DC3BBE008050CC /* SceneDelegate.swift */,
				F53ADC4F25DC3BBE008050CC /* ViewController.swift */,
			);
			path = Source;
			sourceTree = "<group>";
		};
		F53ADC6025DC3BD0008050CC /* Views */ = {
			isa = PBXGroup;
			children = (
				F53ADC6125DC3BD7008050CC /* HorseView.swift */,
				F53ADC6725DC40C5008050CC /* HorseStoryboardView.swift */,
			);
			path = Views;
			sourceTree = "<group>";
		};
		F5B1B34625DC67070071C963 /* ComplexObjectBinding */ = {
			isa = PBXGroup;
			children = (
				F5FE8EEA25DC666A00656466 /* FarmView.swift */,
				F5B1B34725DC67260071C963 /* FarmRepository.swift */,
				F5B1B34B25DC674D0071C963 /* FarmAnimal.swift */,
				F5B1B34E25DC67700071C963 /* AnimalType.swift */,
			);
			path = ComplexObjectBinding;
			sourceTree = "<group>";
		};
		F5E66DC825DC510D0058449B /* Frameworks */ = {
			isa = PBXGroup;
			children = (
			);
			name = Frameworks;
			sourceTree = "<group>";
		};
		F5E66DE825DC52370058449B /* Views */ = {
			isa = PBXGroup;
			children = (
				F5B1B34625DC67070071C963 /* ComplexObjectBinding */,
				F5E66DF325DC537A0058449B /* SuperBasicView.swift */,
				F53ADC2125DC3AB3008050CC /* HorseView.swift */,
				F5E66DF025DC532E0058449B /* BindingView.swift */,
				F5FE8EE425DC5DB200656466 /* SimpleObjectBindingView.swift */,
			);
			path = Views;
			sourceTree = "<group>";
		};
/* End PBXGroup section */

/* Begin PBXNativeTarget section */
		F53ADC0A25DC3A16008050CC /* ForseDemo */ = {
			isa = PBXNativeTarget;
			buildConfigurationList = F53ADC1A25DC3A18008050CC /* Build configuration list for PBXNativeTarget "ForseDemo" */;
			buildPhases = (
				F53ADC0725DC3A16008050CC /* Sources */,
				F53ADC0825DC3A16008050CC /* Frameworks */,
				F53ADC0925DC3A16008050CC /* Resources */,
				F5E66D8825DC509B0058449B /* Embed Frameworks */,
				F5E66DC325DC50EB0058449B /* Embed Watch Content */,
			);
			buildRules = (
			);
			dependencies = (
			);
			name = ForseDemo;
			productName = ForseDemo;
			productReference = F53ADC0B25DC3A16008050CC /* ForseDemo.app */;
			productType = "com.apple.product-type.application";
		};
		F53ADC4825DC3BBE008050CC /* UIKitDemo */ = {
			isa = PBXNativeTarget;
			buildConfigurationList = F53ADC5A25DC3BBF008050CC /* Build configuration list for PBXNativeTarget "UIKitDemo" */;
			buildPhases = (
				F53ADC4525DC3BBE008050CC /* Sources */,
				F53ADC4625DC3BBE008050CC /* Frameworks */,
				F53ADC4725DC3BBE008050CC /* Resources */,
			);
			buildRules = (
			);
			dependencies = (
			);
			name = UIKitDemo;
			productName = UIKitDemo;
			productReference = F53ADC4925DC3BBE008050CC /* UIKitDemo.app */;
			productType = "com.apple.product-type.application";
		};
/* End PBXNativeTarget section */

/* Begin PBXProject section */
		F53ADC0325DC3A16008050CC /* Project object */ = {
			isa = PBXProject;
			attributes = {
				LastSwiftUpdateCheck = 1240;
				LastUpgradeCheck = 1240;
				TargetAttributes = {
					F53ADC0A25DC3A16008050CC = {
						CreatedOnToolsVersion = 12.4;
					};
					F53ADC4825DC3BBE008050CC = {
						CreatedOnToolsVersion = 12.4;
					};
				};
			};
			buildConfigurationList = F53ADC0625DC3A16008050CC /* Build configuration list for PBXProject "ForseDemo" */;
			compatibilityVersion = "Xcode 9.3";
			developmentRegion = en;
			hasScannedForEncodings = 0;
			knownRegions = (
				en,
				Base,
			);
			mainGroup = F53ADC0225DC3A16008050CC;
			productRefGroup = F53ADC0C25DC3A16008050CC /* Products */;
			projectDirPath = "";
			projectRoot = "";
			targets = (
				F53ADC0A25DC3A16008050CC /* ForseDemo */,
				F53ADC4825DC3BBE008050CC /* UIKitDemo */,
			);
		};
/* End PBXProject section */

/* Begin PBXResourcesBuildPhase section */
		F53ADC0925DC3A16008050CC /* Resources */ = {
			isa = PBXResourcesBuildPhase;
			buildActionMask = 2147483647;
			files = (
				F53ADC1625DC3A18008050CC /* Preview Assets.xcassets in Resources */,
				F53ADC1325DC3A18008050CC /* Assets.xcassets in Resources */,
			);
			runOnlyForDeploymentPostprocessing = 0;
		};
		F53ADC4725DC3BBE008050CC /* Resources */ = {
			isa = PBXResourcesBuildPhase;
			buildActionMask = 2147483647;
			files = (
				F53ADC5825DC3BBF008050CC /* LaunchScreen.storyboard in Resources */,
				F53ADC5525DC3BBF008050CC /* Assets.xcassets in Resources */,
				F53ADC5325DC3BBE008050CC /* Main.storyboard in Resources */,
			);
			runOnlyForDeploymentPostprocessing = 0;
		};
/* End PBXResourcesBuildPhase section */

/* Begin PBXSourcesBuildPhase section */
		F53ADC0725DC3A16008050CC /* Sources */ = {
			isa = PBXSourcesBuildPhase;
			buildActionMask = 2147483647;
			files = (
				F5E66DDA25DC51C30058449B /* HorseView.swift in Sources */,
				F5E66DF125DC532E0058449B /* BindingView.swift in Sources */,
				F5FE8EEB25DC666A00656466 /* FarmView.swift in Sources */,
				F5B1B34825DC67260071C963 /* FarmRepository.swift in Sources */,
				F53ADC0F25DC3A16008050CC /* ForseDemoApp.swift in Sources */,
				F5B1B34C25DC674D0071C963 /* FarmAnimal.swift in Sources */,
				F5FE8EE525DC5DB200656466 /* SimpleObjectBindingView.swift in Sources */,
				F5E66DF425DC537A0058449B /* SuperBasicView.swift in Sources */,
				F5B1B34F25DC67700071C963 /* AnimalType.swift in Sources */,
			);
			runOnlyForDeploymentPostprocessing = 0;
		};
		F53ADC4525DC3BBE008050CC /* Sources */ = {
			isa = PBXSourcesBuildPhase;
			buildActionMask = 2147483647;
			files = (
				F53ADC5025DC3BBE008050CC /* ViewController.swift in Sources */,
				F53ADC6825DC40C5008050CC /* HorseStoryboardView.swift in Sources */,
				F53ADC4C25DC3BBE008050CC /* AppDelegate.swift in Sources */,
				F53ADC6225DC3BD7008050CC /* HorseView.swift in Sources */,
				F53ADC4E25DC3BBE008050CC /* SceneDelegate.swift in Sources */,
			);
			runOnlyForDeploymentPostprocessing = 0;
		};
/* End PBXSourcesBuildPhase section */

/* Begin PBXVariantGroup section */
		F53ADC5125DC3BBE008050CC /* Main.storyboard */ = {
			isa = PBXVariantGroup;
			children = (
				F53ADC5225DC3BBE008050CC /* Base */,
			);
			name = Main.storyboard;
			sourceTree = "<group>";
		};
		F53ADC5625DC3BBF008050CC /* LaunchScreen.storyboard */ = {
			isa = PBXVariantGroup;
			children = (
				F53ADC5725DC3BBF008050CC /* Base */,
			);
			name = LaunchScreen.storyboard;
			sourceTree = "<group>";
		};
/* End PBXVariantGroup section */

/* Begin XCBuildConfiguration section */
		F53ADC1825DC3A18008050CC /* Debug */ = {
			isa = XCBuildConfiguration;
			buildSettings = {
				ALWAYS_SEARCH_USER_PATHS = NO;
				CLANG_ANALYZER_NONNULL = YES;
				CLANG_ANALYZER_NUMBER_OBJECT_CONVERSION = YES_AGGRESSIVE;
				CLANG_CXX_LANGUAGE_STANDARD = "gnu++14";
				CLANG_CXX_LIBRARY = "libc++";
				CLANG_ENABLE_MODULES = YES;
				CLANG_ENABLE_OBJC_ARC = YES;
				CLANG_ENABLE_OBJC_WEAK = YES;
				CLANG_WARN_BLOCK_CAPTURE_AUTORELEASING = YES;
				CLANG_WARN_BOOL_CONVERSION = YES;
				CLANG_WARN_COMMA = YES;
				CLANG_WARN_CONSTANT_CONVERSION = YES;
				CLANG_WARN_DEPRECATED_OBJC_IMPLEMENTATIONS = YES;
				CLANG_WARN_DIRECT_OBJC_ISA_USAGE = YES_ERROR;
				CLANG_WARN_DOCUMENTATION_COMMENTS = YES;
				CLANG_WARN_EMPTY_BODY = YES;
				CLANG_WARN_ENUM_CONVERSION = YES;
				CLANG_WARN_INFINITE_RECURSION = YES;
				CLANG_WARN_INT_CONVERSION = YES;
				CLANG_WARN_NON_LITERAL_NULL_CONVERSION = YES;
				CLANG_WARN_OBJC_IMPLICIT_RETAIN_SELF = YES;
				CLANG_WARN_OBJC_LITERAL_CONVERSION = YES;
				CLANG_WARN_OBJC_ROOT_CLASS = YES_ERROR;
				CLANG_WARN_QUOTED_INCLUDE_IN_FRAMEWORK_HEADER = YES;
				CLANG_WARN_RANGE_LOOP_ANALYSIS = YES;
				CLANG_WARN_STRICT_PROTOTYPES = YES;
				CLANG_WARN_SUSPICIOUS_MOVE = YES;
				CLANG_WARN_UNGUARDED_AVAILABILITY = YES_AGGRESSIVE;
				CLANG_WARN_UNREACHABLE_CODE = YES;
				CLANG_WARN__DUPLICATE_METHOD_MATCH = YES;
				COPY_PHASE_STRIP = NO;
				DEBUG_INFORMATION_FORMAT = dwarf;
				ENABLE_STRICT_OBJC_MSGSEND = YES;
				ENABLE_TESTABILITY = YES;
				GCC_C_LANGUAGE_STANDARD = gnu11;
				GCC_DYNAMIC_NO_PIC = NO;
				GCC_NO_COMMON_BLOCKS = YES;
				GCC_OPTIMIZATION_LEVEL = 0;
				GCC_PREPROCESSOR_DEFINITIONS = (
					"DEBUG=1",
					"$(inherited)",
				);
				GCC_WARN_64_TO_32_BIT_CONVERSION = YES;
				GCC_WARN_ABOUT_RETURN_TYPE = YES_ERROR;
				GCC_WARN_UNDECLARED_SELECTOR = YES;
				GCC_WARN_UNINITIALIZED_AUTOS = YES_AGGRESSIVE;
				GCC_WARN_UNUSED_FUNCTION = YES;
				GCC_WARN_UNUSED_VARIABLE = YES;
				IPHONEOS_DEPLOYMENT_TARGET = 14.4;
				MTL_ENABLE_DEBUG_INFO = INCLUDE_SOURCE;
				MTL_FAST_MATH = YES;
				ONLY_ACTIVE_ARCH = YES;
				SDKROOT = iphoneos;
				SWIFT_ACTIVE_COMPILATION_CONDITIONS = DEBUG;
				SWIFT_OPTIMIZATION_LEVEL = "-Onone";
			};
			name = Debug;
		};
		F53ADC1925DC3A18008050CC /* Release */ = {
			isa = XCBuildConfiguration;
			buildSettings = {
				ALWAYS_SEARCH_USER_PATHS = NO;
				CLANG_ANALYZER_NONNULL = YES;
				CLANG_ANALYZER_NUMBER_OBJECT_CONVERSION = YES_AGGRESSIVE;
				CLANG_CXX_LANGUAGE_STANDARD = "gnu++14";
				CLANG_CXX_LIBRARY = "libc++";
				CLANG_ENABLE_MODULES = YES;
				CLANG_ENABLE_OBJC_ARC = YES;
				CLANG_ENABLE_OBJC_WEAK = YES;
				CLANG_WARN_BLOCK_CAPTURE_AUTORELEASING = YES;
				CLANG_WARN_BOOL_CONVERSION = YES;
				CLANG_WARN_COMMA = YES;
				CLANG_WARN_CONSTANT_CONVERSION = YES;
				CLANG_WARN_DEPRECATED_OBJC_IMPLEMENTATIONS = YES;
				CLANG_WARN_DIRECT_OBJC_ISA_USAGE = YES_ERROR;
				CLANG_WARN_DOCUMENTATION_COMMENTS = YES;
				CLANG_WARN_EMPTY_BODY = YES;
				CLANG_WARN_ENUM_CONVERSION = YES;
				CLANG_WARN_INFINITE_RECURSION = YES;
				CLANG_WARN_INT_CONVERSION = YES;
				CLANG_WARN_NON_LITERAL_NULL_CONVERSION = YES;
				CLANG_WARN_OBJC_IMPLICIT_RETAIN_SELF = YES;
				CLANG_WARN_OBJC_LITERAL_CONVERSION = YES;
				CLANG_WARN_OBJC_ROOT_CLASS = YES_ERROR;
				CLANG_WARN_QUOTED_INCLUDE_IN_FRAMEWORK_HEADER = YES;
				CLANG_WARN_RANGE_LOOP_ANALYSIS = YES;
				CLANG_WARN_STRICT_PROTOTYPES = YES;
				CLANG_WARN_SUSPICIOUS_MOVE = YES;
				CLANG_WARN_UNGUARDED_AVAILABILITY = YES_AGGRESSIVE;
				CLANG_WARN_UNREACHABLE_CODE = YES;
				CLANG_WARN__DUPLICATE_METHOD_MATCH = YES;
				COPY_PHASE_STRIP = NO;
				DEBUG_INFORMATION_FORMAT = "dwarf-with-dsym";
				ENABLE_NS_ASSERTIONS = NO;
				ENABLE_STRICT_OBJC_MSGSEND = YES;
				GCC_C_LANGUAGE_STANDARD = gnu11;
				GCC_NO_COMMON_BLOCKS = YES;
				GCC_WARN_64_TO_32_BIT_CONVERSION = YES;
				GCC_WARN_ABOUT_RETURN_TYPE = YES_ERROR;
				GCC_WARN_UNDECLARED_SELECTOR = YES;
				GCC_WARN_UNINITIALIZED_AUTOS = YES_AGGRESSIVE;
				GCC_WARN_UNUSED_FUNCTION = YES;
				GCC_WARN_UNUSED_VARIABLE = YES;
				IPHONEOS_DEPLOYMENT_TARGET = 14.4;
				MTL_ENABLE_DEBUG_INFO = NO;
				MTL_FAST_MATH = YES;
				SDKROOT = iphoneos;
				SWIFT_COMPILATION_MODE = wholemodule;
				SWIFT_OPTIMIZATION_LEVEL = "-O";
				VALIDATE_PRODUCT = YES;
			};
			name = Release;
		};
		F53ADC1B25DC3A18008050CC /* Debug */ = {
			isa = XCBuildConfiguration;
			buildSettings = {
				ASSETCATALOG_COMPILER_APPICON_NAME = AppIcon;
				ASSETCATALOG_COMPILER_GLOBAL_ACCENT_COLOR_NAME = AccentColor;
				CODE_SIGN_STYLE = Automatic;
				DEVELOPMENT_ASSET_PATHS = "\"ForseDemo/Preview Content\"";
				DEVELOPMENT_TEAM = WSQ25TFDK3;
				ENABLE_PREVIEWS = YES;
				INFOPLIST_FILE = ForseDemo/Info.plist;
				IPHONEOS_DEPLOYMENT_TARGET = 14.0;
				LD_RUNPATH_SEARCH_PATHS = (
					"$(inherited)",
					"@executable_path/Frameworks",
				);
				PRODUCT_BUNDLE_IDENTIFIER = no.jstien.ForseDemo;
				PRODUCT_NAME = "$(TARGET_NAME)";
				SWIFT_VERSION = 5.0;
				TARGETED_DEVICE_FAMILY = "1,2";
			};
			name = Debug;
		};
		F53ADC1C25DC3A18008050CC /* Release */ = {
			isa = XCBuildConfiguration;
			buildSettings = {
				ASSETCATALOG_COMPILER_APPICON_NAME = AppIcon;
				ASSETCATALOG_COMPILER_GLOBAL_ACCENT_COLOR_NAME = AccentColor;
				CODE_SIGN_STYLE = Automatic;
				DEVELOPMENT_ASSET_PATHS = "\"ForseDemo/Preview Content\"";
				DEVELOPMENT_TEAM = WSQ25TFDK3;
				ENABLE_PREVIEWS = YES;
				INFOPLIST_FILE = ForseDemo/Info.plist;
				IPHONEOS_DEPLOYMENT_TARGET = 14.0;
				LD_RUNPATH_SEARCH_PATHS = (
					"$(inherited)",
					"@executable_path/Frameworks",
				);
				PRODUCT_BUNDLE_IDENTIFIER = no.jstien.ForseDemo;
				PRODUCT_NAME = "$(TARGET_NAME)";
				SWIFT_VERSION = 5.0;
				TARGETED_DEVICE_FAMILY = "1,2";
			};
			name = Release;
		};
		F53ADC5B25DC3BBF008050CC /* Debug */ = {
			isa = XCBuildConfiguration;
			buildSettings = {
				ASSETCATALOG_COMPILER_APPICON_NAME = AppIcon;
				ASSETCATALOG_COMPILER_GLOBAL_ACCENT_COLOR_NAME = AccentColor;
				CODE_SIGN_STYLE = Automatic;
				DEVELOPMENT_TEAM = WSQ25TFDK3;
				INFOPLIST_FILE = UIKitDemo/Info.plist;
				LD_RUNPATH_SEARCH_PATHS = (
					"$(inherited)",
					"@executable_path/Frameworks",
				);
				PRODUCT_BUNDLE_IDENTIFIER = no.jstien.UIKitDemo;
				PRODUCT_NAME = "$(TARGET_NAME)";
				SWIFT_VERSION = 5.0;
				TARGETED_DEVICE_FAMILY = "1,2";
			};
			name = Debug;
		};
		F53ADC5C25DC3BBF008050CC /* Release */ = {
			isa = XCBuildConfiguration;
			buildSettings = {
				ASSETCATALOG_COMPILER_APPICON_NAME = AppIcon;
				ASSETCATALOG_COMPILER_GLOBAL_ACCENT_COLOR_NAME = AccentColor;
				CODE_SIGN_STYLE = Automatic;
				DEVELOPMENT_TEAM = WSQ25TFDK3;
				INFOPLIST_FILE = UIKitDemo/Info.plist;
				LD_RUNPATH_SEARCH_PATHS = (
					"$(inherited)",
					"@executable_path/Frameworks",
				);
				PRODUCT_BUNDLE_IDENTIFIER = no.jstien.UIKitDemo;
				PRODUCT_NAME = "$(TARGET_NAME)";
				SWIFT_VERSION = 5.0;
				TARGETED_DEVICE_FAMILY = "1,2";
			};
			name = Release;
		};
/* End XCBuildConfiguration section */

/* Begin XCConfigurationList section */
		F53ADC0625DC3A16008050CC /* Build configuration list for PBXProject "ForseDemo" */ = {
			isa = XCConfigurationList;
			buildConfigurations = (
				F53ADC1825DC3A18008050CC /* Debug */,
				F53ADC1925DC3A18008050CC /* Release */,
			);
			defaultConfigurationIsVisible = 0;
			defaultConfigurationName = Release;
		};
		F53ADC1A25DC3A18008050CC /* Build configuration list for PBXNativeTarget "ForseDemo" */ = {
			isa = XCConfigurationList;
			buildConfigurations = (
				F53ADC1B25DC3A18008050CC /* Debug */,
				F53ADC1C25DC3A18008050CC /* Release */,
			);
			defaultConfigurationIsVisible = 0;
			defaultConfigurationName = Release;
		};
		F53ADC5A25DC3BBF008050CC /* Build configuration list for PBXNativeTarget "UIKitDemo" */ = {
			isa = XCConfigurationList;
			buildConfigurations = (
				F53ADC5B25DC3BBF008050CC /* Debug */,
				F53ADC5C25DC3BBF008050CC /* Release */,
			);
			defaultConfigurationIsVisible = 0;
			defaultConfigurationName = Release;
		};
/* End XCConfigurationList section */
	};
	rootObject = F53ADC0325DC3A16008050CC /* Project object */;
}
